{
  "name": "kaola_weapp",
  "version": "0.0.2",
  "lockfileVersion": 1,
  "requires": true,
  "dependencies": {
    "nanoid": {
      "version": "1.1.0",
      "resolved": "https://registry.npmjs.org/nanoid/-/nanoid-1.1.0.tgz",
      "integrity": "sha512-iOCqgXieGrk8/wDt1n9rZS2KB1dYVssemY0NTWjfzVr+1t1gAmdTp1u2+YHppKro3Bk5S+Gs+xmYCfpuXauYXQ=="
    },
    "wepy": {
      "version": "1.7.2",
      "resolved": "https://registry.npmjs.org/wepy/-/wepy-1.7.2.tgz",
      "integrity": "sha512-22Q338OY2wV1kuINAtQQmO6V9r00wNTgLPOOOASZe8tdq0lGxv9FnFWxA7SqJihQJEeWXERFd/gN7GKQQ1CU1w=="
    }
  }
}
